# THIS IS AN AUTOGENERATED FILE. DO NOT EDIT THIS FILE DIRECTLY.
# yarn lockfile v1


"@mantine/hooks@^7.11.0":
  version "7.11.0"
  resolved "https://registry.yarnpkg.com/@mantine/hooks/-/hooks-7.11.0.tgz#aaf3e4805c4065a28ce26bca375b792d8b413aab"
  integrity sha512-T3472GhUXFhuhXUHlxjHv0wfb73lFyNuaw631c7Ddtgvewq0WKtNqYd7j/Zz/k02DuS3r0QXA7e12/XgqHBZjg==
